// !$*UTF8*$!
{
	archiveVersion = 1;
	classes = {
	};
	objectVersion = 44;
	objects = {

/* Begin PBXBuildFile section */
		4D6BF0E20E4325AF005653D8 /* Album.m in Sources */ = {isa = PBXBuildFile; fileRef = 4D6BF0C40E4325AF005653D8 /* Album.m */; };
		4D6BF0E30E4325AF005653D8 /* Alignment.m in Sources */ = {isa = PBXBuildFile; fileRef = 4D6BF0C60E4325AF005653D8 /* Alignment.m */; };
		4D6BF0E40E4325AF005653D8 /* AlignmentView.m in Sources */ = {isa = PBXBuildFile; fileRef = 4D6BF0C80E4325AF005653D8 /* AlignmentView.m */; };
		4D6BF0E60E4325AF005653D8 /* AlignmentViewController.m in Sources */ = {isa = PBXBuildFile; fileRef = 4D6BF0CB0E4325AF005653D8 /* AlignmentViewController.m */; };
		4D6BF0E70E4325AF005653D8 /* ILDocument.m in Sources */ = {isa = PBXBuildFile; fileRef = 4D6BF0CD0E4325AF005653D8 /* ILDocument.m */; };
		4D6BF0E90E4325AF005653D8 /* ILWindowController.m in Sources */ = {isa = PBXBuildFile; fileRef = 4D6BF0D00E4325AF005653D8 /* ILWindowController.m */; };
		4D6BF0EA0E4325AF005653D8 /* Indel.m in Sources */ = {isa = PBXBuildFile; fileRef = 4D6BF0D20E4325AF005653D8 /* Indel.m */; };
		4D6BF0EB0E4325AF005653D8 /* IndelList.m in Sources */ = {isa = PBXBuildFile; fileRef = 4D6BF0D40E4325AF005653D8 /* IndelList.m */; };
		4D6BF0EC0E4325AF005653D8 /* ManagingViewController.m in Sources */ = {isa = PBXBuildFile; fileRef = 4D6BF0D60E4325AF005653D8 /* ManagingViewController.m */; };
		4D6BF0ED0E4325AF005653D8 /* RulerView.m in Sources */ = {isa = PBXBuildFile; fileRef = 4D6BF0D80E4325AF005653D8 /* RulerView.m */; };
		4D6BF0EE0E4325AF005653D8 /* Sequence.m in Sources */ = {isa = PBXBuildFile; fileRef = 4D6BF0DA0E4325AF005653D8 /* Sequence.m */; };
		4D6BF0EF0E4325AF005653D8 /* SequencesArrayController.m in Sources */ = {isa = PBXBuildFile; fileRef = 4D6BF0DC0E4325AF005653D8 /* SequencesArrayController.m */; };
		4D6BF0F10E4325AF005653D8 /* SequencesViewController.m in Sources */ = {isa = PBXBuildFile; fileRef = 4D6BF0DF0E4325AF005653D8 /* SequencesViewController.m */; };
		4D6BF13F0E432DDA005653D8 /* AlignmentView.xib in Resources */ = {isa = PBXBuildFile; fileRef = 4D6BF13B0E432DDA005653D8 /* AlignmentView.xib */; };
		4D6BF1400E432DDA005653D8 /* SequencesView.xib in Resources */ = {isa = PBXBuildFile; fileRef = 4D6BF13D0E432DDA005653D8 /* SequencesView.xib */; };
		4DA8A1110E1AC314008969ED /* ILDocument.xib in Resources */ = {isa = PBXBuildFile; fileRef = 4DA8A10F0E1AC314008969ED /* ILDocument.xib */; };
		4DD08AE20E23B1C200F68575 /* BaseNode.m in Sources */ = {isa = PBXBuildFile; fileRef = 4DD08AD10E23B1C200F68575 /* BaseNode.m */; };
		4DD08AE30E23B1C200F68575 /* ChildEditController.m in Sources */ = {isa = PBXBuildFile; fileRef = 4DD08AD30E23B1C200F68575 /* ChildEditController.m */; };
		4DD08AE40E23B1C200F68575 /* ChildNode.m in Sources */ = {isa = PBXBuildFile; fileRef = 4DD08AD50E23B1C200F68575 /* ChildNode.m */; };
		4DD08AE50E23B1C200F68575 /* ImageAndTextCell.m in Sources */ = {isa = PBXBuildFile; fileRef = 4DD08AD70E23B1C200F68575 /* ImageAndTextCell.m */; };
		4DD08AE60E23B1C200F68575 /* NSArray_Extensions.m in Sources */ = {isa = PBXBuildFile; fileRef = 4DD08AD90E23B1C200F68575 /* NSArray_Extensions.m */; };
		4DD08AE70E23B1C200F68575 /* SeparatorCell.m in Sources */ = {isa = PBXBuildFile; fileRef = 4DD08ADB0E23B1C200F68575 /* SeparatorCell.m */; };
		514E9E12081EC6B8009B8CD9 /* GetMetadataForFile.c in Sources */ = {isa = PBXBuildFile; fileRef = 514E9E10081EC6B8009B8CD9 /* GetMetadataForFile.c */; };
		514E9E13081EC6B8009B8CD9 /* main.c in Sources */ = {isa = PBXBuildFile; fileRef = 514E9E11081EC6B8009B8CD9 /* main.c */; };
		514E9E2E081EC793009B8CD9 /* CoreServices.framework in Frameworks */ = {isa = PBXBuildFile; fileRef = 514E9E2D081EC793009B8CD9 /* CoreServices.framework */; };
		514EA010081EC7AA009B8CD9 /* Foundation.framework in Frameworks */ = {isa = PBXBuildFile; fileRef = 2A37F4C5FDCFA73011CA2CEA /* Foundation.framework */; };
		514EA011081EC7AB009B8CD9 /* CoreData.framework in Frameworks */ = {isa = PBXBuildFile; fileRef = 7788DA0506752A1600599AAD /* CoreData.framework */; };
		514EA015081EC7C3009B8CD9 /* CoreFoundation.framework in Frameworks */ = {isa = PBXBuildFile; fileRef = 514EA014081EC7C3009B8CD9 /* CoreFoundation.framework */; };
		514EA082081ECB54009B8CD9 /* iLigner.mdimporter in CopyFiles */ = {isa = PBXBuildFile; fileRef = 514E9DF9081EBF9C009B8CD9 /* iLigner.mdimporter */; };
		775BDEF1067A8BF0009058FE /* ILDocument.xcdatamodel in Sources */ = {isa = PBXBuildFile; fileRef = 775BDEF0067A8BF0009058FE /* ILDocument.xcdatamodel */; };
		775DFF38067A968500C5B868 /* Cocoa.framework in Frameworks */ = {isa = PBXBuildFile; fileRef = 1058C7A7FEA54F5311CA2CBB /* Cocoa.framework */; };
		8D15AC2C0486D014006FF6A4 /* Credits.rtf in Resources */ = {isa = PBXBuildFile; fileRef = 2A37F4B9FDCFA73011CA2CEA /* Credits.rtf */; };
		8D15AC2D0486D014006FF6A4 /* MainMenu.nib in Resources */ = {isa = PBXBuildFile; fileRef = 2A37F4B6FDCFA73011CA2CEA /* MainMenu.nib */; };
		8D15AC2F0486D014006FF6A4 /* InfoPlist.strings in Resources */ = {isa = PBXBuildFile; fileRef = 089C165FFE840EACC02AAC07 /* InfoPlist.strings */; };
		8D15AC320486D014006FF6A4 /* main.m in Sources */ = {isa = PBXBuildFile; fileRef = 2A37F4B0FDCFA73011CA2CEA /* main.m */; settings = {ATTRIBUTES = (); }; };
/* End PBXBuildFile section */

/* Begin PBXContainerItemProxy section */
		514EA066081EC8BF009B8CD9 /* PBXContainerItemProxy */ = {
			isa = PBXContainerItemProxy;
			containerPortal = 2A37F4A9FDCFA73011CA2CEA /* Project object */;
			proxyType = 1;
			remoteGlobalIDString = 514E9DF8081EBF9C009B8CD9;
			remoteInfo = "iLigner Spotlight Importer";
		};
/* End PBXContainerItemProxy section */

/* Begin PBXCopyFilesBuildPhase section */
		514EA07C081ECB3F009B8CD9 /* CopyFiles */ = {
			isa = PBXCopyFilesBuildPhase;
			buildActionMask = 2147483647;
			dstPath = ../Library/Spotlight;
			dstSubfolderSpec = 7;
			files = (
				514EA082081ECB54009B8CD9 /* iLigner.mdimporter in CopyFiles */,
			);
			runOnlyForDeploymentPostprocessing = 0;
		};
/* End PBXCopyFilesBuildPhase section */

/* Begin PBXFileReference section */
		089C1660FE840EACC02AAC07 /* English */ = {isa = PBXFileReference; fileEncoding = 10; lastKnownFileType = text.plist.strings; name = English; path = English.lproj/InfoPlist.strings; sourceTree = "<group>"; };
		1058C7A7FEA54F5311CA2CBB /* Cocoa.framework */ = {isa = PBXFileReference; lastKnownFileType = wrapper.framework; name = Cocoa.framework; path = /System/Library/Frameworks/Cocoa.framework; sourceTree = "<absolute>"; };
		2A37F4B0FDCFA73011CA2CEA /* main.m */ = {isa = PBXFileReference; fileEncoding = 4; lastKnownFileType = sourcecode.c.objc; path = main.m; sourceTree = "<group>"; };
		2A37F4B7FDCFA73011CA2CEA /* English */ = {isa = PBXFileReference; lastKnownFileType = wrapper.nib; name = English; path = English.lproj/MainMenu.nib; sourceTree = "<group>"; };
		2A37F4BAFDCFA73011CA2CEA /* English */ = {isa = PBXFileReference; lastKnownFileType = text.rtf; name = English; path = English.lproj/Credits.rtf; sourceTree = "<group>"; };
		2A37F4C4FDCFA73011CA2CEA /* AppKit.framework */ = {isa = PBXFileReference; lastKnownFileType = wrapper.framework; name = AppKit.framework; path = /System/Library/Frameworks/AppKit.framework; sourceTree = "<absolute>"; };
		2A37F4C5FDCFA73011CA2CEA /* Foundation.framework */ = {isa = PBXFileReference; lastKnownFileType = wrapper.framework; name = Foundation.framework; path = /System/Library/Frameworks/Foundation.framework; sourceTree = "<absolute>"; };
		32DBCF750370BD2300C91783 /* iLigner_Prefix.pch */ = {isa = PBXFileReference; fileEncoding = 4; lastKnownFileType = sourcecode.c.h; path = iLigner_Prefix.pch; sourceTree = "<group>"; };
		4D6BF0C30E4325AF005653D8 /* Album.h */ = {isa = PBXFileReference; fileEncoding = 4; lastKnownFileType = sourcecode.c.h; name = Album.h; path = Source/Album.h; sourceTree = "<group>"; };
		4D6BF0C40E4325AF005653D8 /* Album.m */ = {isa = PBXFileReference; fileEncoding = 4; lastKnownFileType = sourcecode.c.objc; name = Album.m; path = Source/Album.m; sourceTree = "<group>"; };
		4D6BF0C50E4325AF005653D8 /* Alignment.h */ = {isa = PBXFileReference; fileEncoding = 4; lastKnownFileType = sourcecode.c.h; name = Alignment.h; path = Source/Alignment.h; sourceTree = "<group>"; };
		4D6BF0C60E4325AF005653D8 /* Alignment.m */ = {isa = PBXFileReference; fileEncoding = 4; lastKnownFileType = sourcecode.c.objc; name = Alignment.m; path = Source/Alignment.m; sourceTree = "<group>"; };
		4D6BF0C70E4325AF005653D8 /* AlignmentView.h */ = {isa = PBXFileReference; fileEncoding = 4; lastKnownFileType = sourcecode.c.h; name = AlignmentView.h; path = Source/AlignmentView.h; sourceTree = "<group>"; };
		4D6BF0C80E4325AF005653D8 /* AlignmentView.m */ = {isa = PBXFileReference; fileEncoding = 4; lastKnownFileType = sourcecode.c.objc; name = AlignmentView.m; path = Source/AlignmentView.m; sourceTree = "<group>"; };
		4D6BF0CA0E4325AF005653D8 /* AlignmentViewController.h */ = {isa = PBXFileReference; fileEncoding = 4; lastKnownFileType = sourcecode.c.h; name = AlignmentViewController.h; path = Source/AlignmentViewController.h; sourceTree = "<group>"; };
		4D6BF0CB0E4325AF005653D8 /* AlignmentViewController.m */ = {isa = PBXFileReference; fileEncoding = 4; lastKnownFileType = sourcecode.c.objc; name = AlignmentViewController.m; path = Source/AlignmentViewController.m; sourceTree = "<group>"; };
		4D6BF0CC0E4325AF005653D8 /* ILDocument.h */ = {isa = PBXFileReference; fileEncoding = 4; lastKnownFileType = sourcecode.c.h; name = ILDocument.h; path = Source/ILDocument.h; sourceTree = "<group>"; };
		4D6BF0CD0E4325AF005653D8 /* ILDocument.m */ = {isa = PBXFileReference; fileEncoding = 4; lastKnownFileType = sourcecode.c.objc; name = ILDocument.m; path = Source/ILDocument.m; sourceTree = "<group>"; };
		4D6BF0CF0E4325AF005653D8 /* ILWindowController.h */ = {isa = PBXFileReference; fileEncoding = 4; lastKnownFileType = sourcecode.c.h; name = ILWindowController.h; path = Source/ILWindowController.h; sourceTree = "<group>"; };
		4D6BF0D00E4325AF005653D8 /* ILWindowController.m */ = {isa = PBXFileReference; fileEncoding = 4; lastKnownFileType = sourcecode.c.objc; name = ILWindowController.m; path = Source/ILWindowController.m; sourceTree = "<group>"; };
		4D6BF0D10E4325AF005653D8 /* Indel.h */ = {isa = PBXFileReference; fileEncoding = 4; lastKnownFileType = sourcecode.c.h; name = Indel.h; path = Source/Indel.h; sourceTree = "<group>"; };
		4D6BF0D20E4325AF005653D8 /* Indel.m */ = {isa = PBXFileReference; fileEncoding = 4; lastKnownFileType = sourcecode.c.objc; name = Indel.m; path = Source/Indel.m; sourceTree = "<group>"; };
		4D6BF0D30E4325AF005653D8 /* IndelList.h */ = {isa = PBXFileReference; fileEncoding = 4; lastKnownFileType = sourcecode.c.h; name = IndelList.h; path = Source/IndelList.h; sourceTree = "<group>"; };
		4D6BF0D40E4325AF005653D8 /* IndelList.m */ = {isa = PBXFileReference; fileEncoding = 4; lastKnownFileType = sourcecode.c.objc; name = IndelList.m; path = Source/IndelList.m; sourceTree = "<group>"; };
		4D6BF0D50E4325AF005653D8 /* ManagingViewController.h */ = {isa = PBXFileReference; fileEncoding = 4; lastKnownFileType = sourcecode.c.h; name = ManagingViewController.h; path = Source/ManagingViewController.h; sourceTree = "<group>"; };
		4D6BF0D60E4325AF005653D8 /* ManagingViewController.m */ = {isa = PBXFileReference; fileEncoding = 4; lastKnownFileType = sourcecode.c.objc; name = ManagingViewController.m; path = Source/ManagingViewController.m; sourceTree = "<group>"; };
		4D6BF0D70E4325AF005653D8 /* RulerView.h */ = {isa = PBXFileReference; fileEncoding = 4; lastKnownFileType = sourcecode.c.h; name = RulerView.h; path = Source/RulerView.h; sourceTree = "<group>"; };
		4D6BF0D80E4325AF005653D8 /* RulerView.m */ = {isa = PBXFileReference; fileEncoding = 4; lastKnownFileType = sourcecode.c.objc; name = RulerView.m; path = Source/RulerView.m; sourceTree = "<group>"; };
		4D6BF0D90E4325AF005653D8 /* Sequence.h */ = {isa = PBXFileReference; fileEncoding = 4; lastKnownFileType = sourcecode.c.h; name = Sequence.h; path = Source/Sequence.h; sourceTree = "<group>"; };
		4D6BF0DA0E4325AF005653D8 /* Sequence.m */ = {isa = PBXFileReference; fileEncoding = 4; lastKnownFileType = sourcecode.c.objc; name = Sequence.m; path = Source/Sequence.m; sourceTree = "<group>"; };
		4D6BF0DB0E4325AF005653D8 /* SequencesArrayController.h */ = {isa = PBXFileReference; fileEncoding = 4; lastKnownFileType = sourcecode.c.h; name = SequencesArrayController.h; path = Source/SequencesArrayController.h; sourceTree = "<group>"; };
		4D6BF0DC0E4325AF005653D8 /* SequencesArrayController.m */ = {isa = PBXFileReference; fileEncoding = 4; lastKnownFileType = sourcecode.c.objc; name = SequencesArrayController.m; path = Source/SequencesArrayController.m; sourceTree = "<group>"; };
		4D6BF0DE0E4325AF005653D8 /* SequencesViewController.h */ = {isa = PBXFileReference; fileEncoding = 4; lastKnownFileType = sourcecode.c.h; name = SequencesViewController.h; path = Source/SequencesViewController.h; sourceTree = "<group>"; };
		4D6BF0DF0E4325AF005653D8 /* SequencesViewController.m */ = {isa = PBXFileReference; fileEncoding = 4; lastKnownFileType = sourcecode.c.objc; name = SequencesViewController.m; path = Source/SequencesViewController.m; sourceTree = "<group>"; };
		4D6BF13C0E432DDA005653D8 /* English */ = {isa = PBXFileReference; lastKnownFileType = file.xib; name = English; path = English.lproj/AlignmentView.xib; sourceTree = "<group>"; };
		4D6BF13E0E432DDA005653D8 /* English */ = {isa = PBXFileReference; lastKnownFileType = file.xib; name = English; path = English.lproj/SequencesView.xib; sourceTree = "<group>"; };
		4DA8A1100E1AC314008969ED /* English */ = {isa = PBXFileReference; lastKnownFileType = file.xib; name = English; path = English.lproj/ILDocument.xib; sourceTree = "<group>"; };
		4DD08AD00E23B1C200F68575 /* BaseNode.h */ = {isa = PBXFileReference; fileEncoding = 4; lastKnownFileType = sourcecode.c.h; path = BaseNode.h; sourceTree = "<group>"; };
		4DD08AD10E23B1C200F68575 /* BaseNode.m */ = {isa = PBXFileReference; fileEncoding = 4; lastKnownFileType = sourcecode.c.objc; path = BaseNode.m; sourceTree = "<group>"; };
		4DD08AD20E23B1C200F68575 /* ChildEditController.h */ = {isa = PBXFileReference; fileEncoding = 4; lastKnownFileType = sourcecode.c.h; path = ChildEditController.h; sourceTree = "<group>"; };
		4DD08AD30E23B1C200F68575 /* ChildEditController.m */ = {isa = PBXFileReference; fileEncoding = 4; lastKnownFileType = sourcecode.c.objc; path = ChildEditController.m; sourceTree = "<group>"; };
		4DD08AD40E23B1C200F68575 /* ChildNode.h */ = {isa = PBXFileReference; fileEncoding = 4; lastKnownFileType = sourcecode.c.h; path = ChildNode.h; sourceTree = "<group>"; };
		4DD08AD50E23B1C200F68575 /* ChildNode.m */ = {isa = PBXFileReference; fileEncoding = 4; lastKnownFileType = sourcecode.c.objc; path = ChildNode.m; sourceTree = "<group>"; };
		4DD08AD60E23B1C200F68575 /* ImageAndTextCell.h */ = {isa = PBXFileReference; fileEncoding = 4; lastKnownFileType = sourcecode.c.h; path = ImageAndTextCell.h; sourceTree = "<group>"; };
		4DD08AD70E23B1C200F68575 /* ImageAndTextCell.m */ = {isa = PBXFileReference; fileEncoding = 4; lastKnownFileType = sourcecode.c.objc; path = ImageAndTextCell.m; sourceTree = "<group>"; };
		4DD08AD80E23B1C200F68575 /* NSArray_Extensions.h */ = {isa = PBXFileReference; fileEncoding = 4; lastKnownFileType = sourcecode.c.h; path = NSArray_Extensions.h; sourceTree = "<group>"; };
		4DD08AD90E23B1C200F68575 /* NSArray_Extensions.m */ = {isa = PBXFileReference; fileEncoding = 4; lastKnownFileType = sourcecode.c.objc; path = NSArray_Extensions.m; sourceTree = "<group>"; };
		4DD08ADA0E23B1C200F68575 /* SeparatorCell.h */ = {isa = PBXFileReference; fileEncoding = 4; lastKnownFileType = sourcecode.c.h; path = SeparatorCell.h; sourceTree = "<group>"; };
		4DD08ADB0E23B1C200F68575 /* SeparatorCell.m */ = {isa = PBXFileReference; fileEncoding = 4; lastKnownFileType = sourcecode.c.objc; path = SeparatorCell.m; sourceTree = "<group>"; };
		514E9DF9081EBF9C009B8CD9 /* iLigner.mdimporter */ = {isa = PBXFileReference; explicitFileType = wrapper.cfbundle; includeInIndex = 0; path = iLigner.mdimporter; sourceTree = BUILT_PRODUCTS_DIR; };
		514E9DFA081EBF9C009B8CD9 /* Importer-Info.plist */ = {isa = PBXFileReference; lastKnownFileType = text.xml; name = "Importer-Info.plist"; path = "Importer/Importer-Info.plist"; sourceTree = "<group>"; };
		514E9E10081EC6B8009B8CD9 /* GetMetadataForFile.c */ = {isa = PBXFileReference; explicitFileType = sourcecode.c.objc; fileEncoding = 30; name = GetMetadataForFile.c; path = Importer/GetMetadataForFile.c; sourceTree = "<group>"; };
		514E9E11081EC6B8009B8CD9 /* main.c */ = {isa = PBXFileReference; fileEncoding = 30; lastKnownFileType = sourcecode.c.c; name = main.c; path = Importer/main.c; sourceTree = "<group>"; };
		514E9E16081EC6D5009B8CD9 /* Importer Read Me.txt */ = {isa = PBXFileReference; fileEncoding = 30; lastKnownFileType = text; name = "Importer Read Me.txt"; path = "Importer/Importer Read Me.txt"; sourceTree = "<group>"; };
		514E9E2D081EC793009B8CD9 /* CoreServices.framework */ = {isa = PBXFileReference; lastKnownFileType = wrapper.framework; name = CoreServices.framework; path = /System/Library/Frameworks/CoreServices.framework; sourceTree = "<absolute>"; };
		514EA014081EC7C3009B8CD9 /* CoreFoundation.framework */ = {isa = PBXFileReference; lastKnownFileType = wrapper.framework; name = CoreFoundation.framework; path = /System/Library/Frameworks/CoreFoundation.framework; sourceTree = "<absolute>"; };
		775BDEF0067A8BF0009058FE /* ILDocument.xcdatamodel */ = {isa = PBXFileReference; fileEncoding = 4; lastKnownFileType = wrapper.xcdatamodel; path = ILDocument.xcdatamodel; sourceTree = "<group>"; };
		7788DA0506752A1600599AAD /* CoreData.framework */ = {isa = PBXFileReference; lastKnownFileType = wrapper.framework; name = CoreData.framework; path = /System/Library/Frameworks/CoreData.framework; sourceTree = "<absolute>"; };
		8D15AC360486D014006FF6A4 /* Info.plist */ = {isa = PBXFileReference; fileEncoding = 4; lastKnownFileType = text.plist; path = Info.plist; sourceTree = "<group>"; };
		8D15AC370486D014006FF6A4 /* iLigner.app */ = {isa = PBXFileReference; explicitFileType = wrapper.application; includeInIndex = 0; path = iLigner.app; sourceTree = BUILT_PRODUCTS_DIR; };
/* End PBXFileReference section */

/* Begin PBXFrameworksBuildPhase section */
		514E9DF7081EBF9C009B8CD9 /* Frameworks */ = {
			isa = PBXFrameworksBuildPhase;
			buildActionMask = 2147483647;
			files = (
				514EA015081EC7C3009B8CD9 /* CoreFoundation.framework in Frameworks */,
				514EA011081EC7AB009B8CD9 /* CoreData.framework in Frameworks */,
				514EA010081EC7AA009B8CD9 /* Foundation.framework in Frameworks */,
				514E9E2E081EC793009B8CD9 /* CoreServices.framework in Frameworks */,
			);
			runOnlyForDeploymentPostprocessing = 0;
		};
		8D15AC330486D014006FF6A4 /* Frameworks */ = {
			isa = PBXFrameworksBuildPhase;
			buildActionMask = 2147483647;
			files = (
				775DFF38067A968500C5B868 /* Cocoa.framework in Frameworks */,
			);
			runOnlyForDeploymentPostprocessing = 0;
		};
/* End PBXFrameworksBuildPhase section */

/* Begin PBXGroup section */
		1058C7A6FEA54F5311CA2CBB /* Linked Frameworks */ = {
			isa = PBXGroup;
			children = (
				1058C7A7FEA54F5311CA2CBB /* Cocoa.framework */,
				514EA014081EC7C3009B8CD9 /* CoreFoundation.framework */,
				514E9E2D081EC793009B8CD9 /* CoreServices.framework */,
				2A37F4C5FDCFA73011CA2CEA /* Foundation.framework */,
				7788DA0506752A1600599AAD /* CoreData.framework */,
			);
			name = "Linked Frameworks";
			sourceTree = "<group>";
		};
		1058C7A8FEA54F5311CA2CBB /* Other Frameworks */ = {
			isa = PBXGroup;
			children = (
				2A37F4C4FDCFA73011CA2CEA /* AppKit.framework */,
			);
			name = "Other Frameworks";
			sourceTree = "<group>";
		};
		19C28FB0FE9D524F11CA2CBB /* Products */ = {
			isa = PBXGroup;
			children = (
				8D15AC370486D014006FF6A4 /* iLigner.app */,
				514E9DF9081EBF9C009B8CD9 /* iLigner.mdimporter */,
			);
			name = Products;
			sourceTree = "<group>";
		};
		2A37F4AAFDCFA73011CA2CEA /* iLigner */ = {
			isa = PBXGroup;
			children = (
				E1B74B1A0667B4A90069E3BA /* Models */,
				2A37F4ABFDCFA73011CA2CEA /* Classes */,
				2A37F4AFFDCFA73011CA2CEA /* Other Sources */,
				2A37F4B8FDCFA73011CA2CEA /* Resources */,
				2A37F4C3FDCFA73011CA2CEA /* Frameworks */,
				19C28FB0FE9D524F11CA2CBB /* Products */,
				514E9E16081EC6D5009B8CD9 /* Importer Read Me.txt */,
			);
			name = iLigner;
			sourceTree = "<group>";
		};
		2A37F4ABFDCFA73011CA2CEA /* Classes */ = {
			isa = PBXGroup;
			children = (
				4D6BF0C70E4325AF005653D8 /* AlignmentView.h */,
				4D6BF0C80E4325AF005653D8 /* AlignmentView.m */,
				4D6BF0CA0E4325AF005653D8 /* AlignmentViewController.h */,
				4D6BF0CB0E4325AF005653D8 /* AlignmentViewController.m */,
				4D6BF0CC0E4325AF005653D8 /* ILDocument.h */,
				4D6BF0CD0E4325AF005653D8 /* ILDocument.m */,
				4D6BF0CF0E4325AF005653D8 /* ILWindowController.h */,
				4D6BF0D00E4325AF005653D8 /* ILWindowController.m */,
				4D6BF0D50E4325AF005653D8 /* ManagingViewController.h */,
				4D6BF0D60E4325AF005653D8 /* ManagingViewController.m */,
				4D6BF0D70E4325AF005653D8 /* RulerView.h */,
				4D6BF0D80E4325AF005653D8 /* RulerView.m */,
				4D6BF0DB0E4325AF005653D8 /* SequencesArrayController.h */,
				4D6BF0DC0E4325AF005653D8 /* SequencesArrayController.m */,
				4D6BF0DE0E4325AF005653D8 /* SequencesViewController.h */,
				4D6BF0DF0E4325AF005653D8 /* SequencesViewController.m */,
				4DD08ACF0E23B1C200F68575 /* SourceView */,
				514E9E0C081EC698009B8CD9 /* Importer */,
			);
			name = Classes;
			sourceTree = "<group>";
		};
		2A37F4AFFDCFA73011CA2CEA /* Other Sources */ = {
			isa = PBXGroup;
			children = (
				32DBCF750370BD2300C91783 /* iLigner_Prefix.pch */,
				2A37F4B0FDCFA73011CA2CEA /* main.m */,
			);
			name = "Other Sources";
			sourceTree = "<group>";
		};
		2A37F4B8FDCFA73011CA2CEA /* Resources */ = {
			isa = PBXGroup;
			children = (
				4D6BF13B0E432DDA005653D8 /* AlignmentView.xib */,
				4D6BF13D0E432DDA005653D8 /* SequencesView.xib */,
				4DA8A10F0E1AC314008969ED /* ILDocument.xib */,
				2A37F4B9FDCFA73011CA2CEA /* Credits.rtf */,
				2A37F4B6FDCFA73011CA2CEA /* MainMenu.nib */,
				8D15AC360486D014006FF6A4 /* Info.plist */,
				089C165FFE840EACC02AAC07 /* InfoPlist.strings */,
				514E9DFA081EBF9C009B8CD9 /* Importer-Info.plist */,
			);
			name = Resources;
			sourceTree = "<group>";
		};
		2A37F4C3FDCFA73011CA2CEA /* Frameworks */ = {
			isa = PBXGroup;
			children = (
				1058C7A6FEA54F5311CA2CBB /* Linked Frameworks */,
				1058C7A8FEA54F5311CA2CBB /* Other Frameworks */,
			);
			name = Frameworks;
			sourceTree = "<group>";
		};
		4DD08ACF0E23B1C200F68575 /* SourceView */ = {
			isa = PBXGroup;
			children = (
				4DD08AD00E23B1C200F68575 /* BaseNode.h */,
				4DD08AD10E23B1C200F68575 /* BaseNode.m */,
				4DD08AD20E23B1C200F68575 /* ChildEditController.h */,
				4DD08AD30E23B1C200F68575 /* ChildEditController.m */,
				4DD08AD40E23B1C200F68575 /* ChildNode.h */,
				4DD08AD50E23B1C200F68575 /* ChildNode.m */,
				4DD08AD60E23B1C200F68575 /* ImageAndTextCell.h */,
				4DD08AD70E23B1C200F68575 /* ImageAndTextCell.m */,
				4DD08AD80E23B1C200F68575 /* NSArray_Extensions.h */,
				4DD08AD90E23B1C200F68575 /* NSArray_Extensions.m */,
				4DD08ADA0E23B1C200F68575 /* SeparatorCell.h */,
				4DD08ADB0E23B1C200F68575 /* SeparatorCell.m */,
			);
			name = SourceView;
			path = Source/SourceView;
			sourceTree = "<group>";
		};
		514E9E0C081EC698009B8CD9 /* Importer */ = {
			isa = PBXGroup;
			children = (
				514E9E11081EC6B8009B8CD9 /* main.c */,
				514E9E10081EC6B8009B8CD9 /* GetMetadataForFile.c */,
			);
			name = Importer;
			sourceTree = "<group>";
		};
		E1B74B1A0667B4A90069E3BA /* Models */ = {
			isa = PBXGroup;
			children = (
				775BDEF0067A8BF0009058FE /* ILDocument.xcdatamodel */,
				4D6BF0C30E4325AF005653D8 /* Album.h */,
				4D6BF0C40E4325AF005653D8 /* Album.m */,
				4D6BF0C50E4325AF005653D8 /* Alignment.h */,
				4D6BF0C60E4325AF005653D8 /* Alignment.m */,
				4D6BF0D10E4325AF005653D8 /* Indel.h */,
				4D6BF0D20E4325AF005653D8 /* Indel.m */,
				4D6BF0D30E4325AF005653D8 /* IndelList.h */,
				4D6BF0D40E4325AF005653D8 /* IndelList.m */,
				4D6BF0D90E4325AF005653D8 /* Sequence.h */,
				4D6BF0DA0E4325AF005653D8 /* Sequence.m */,
			);
			name = Models;
			sourceTree = "<group>";
		};
/* End PBXGroup section */

/* Begin PBXNativeTarget section */
		514E9DF8081EBF9C009B8CD9 /* iLigner Spotlight Importer */ = {
			isa = PBXNativeTarget;
			buildConfigurationList = 26FC0AC60875C91100E6366F /* Build configuration list for PBXNativeTarget "iLigner Spotlight Importer" */;
			buildPhases = (
				514E9DF5081EBF9C009B8CD9 /* Resources */,
				514E9DF6081EBF9C009B8CD9 /* Sources */,
				514E9DF7081EBF9C009B8CD9 /* Frameworks */,
			);
			buildRules = (
			);
			dependencies = (
			);
			name = "iLigner Spotlight Importer";
			productName = "iLigner Spotlight Importer";
			productReference = 514E9DF9081EBF9C009B8CD9 /* iLigner.mdimporter */;
			productType = "com.apple.product-type.bundle";
		};
		8D15AC270486D014006FF6A4 /* iLigner */ = {
			isa = PBXNativeTarget;
			buildConfigurationList = 26FC0ACA0875C91100E6366F /* Build configuration list for PBXNativeTarget "iLigner" */;
			buildPhases = (
				8D15AC2B0486D014006FF6A4 /* Resources */,
				8D15AC300486D014006FF6A4 /* Sources */,
				8D15AC330486D014006FF6A4 /* Frameworks */,
				514EA07C081ECB3F009B8CD9 /* CopyFiles */,
			);
			buildRules = (
			);
			dependencies = (
				514EA067081EC8BF009B8CD9 /* PBXTargetDependency */,
			);
			name = iLigner;
			productInstallPath = "$(HOME)/Applications";
			productName = iLigner;
			productReference = 8D15AC370486D014006FF6A4 /* iLigner.app */;
			productType = "com.apple.product-type.application";
		};
/* End PBXNativeTarget section */

/* Begin PBXProject section */
		2A37F4A9FDCFA73011CA2CEA /* Project object */ = {
			isa = PBXProject;
			buildConfigurationList = 26FC0ACE0875C91100E6366F /* Build configuration list for PBXProject "iLigner" */;
			compatibilityVersion = "Xcode 3.0";
			hasScannedForEncodings = 1;
			mainGroup = 2A37F4AAFDCFA73011CA2CEA /* iLigner */;
			projectDirPath = "";
			projectRoot = "";
			targets = (
				8D15AC270486D014006FF6A4 /* iLigner */,
				514E9DF8081EBF9C009B8CD9 /* iLigner Spotlight Importer */,
			);
		};
/* End PBXProject section */

/* Begin PBXResourcesBuildPhase section */
		514E9DF5081EBF9C009B8CD9 /* Resources */ = {
			isa = PBXResourcesBuildPhase;
			buildActionMask = 2147483647;
			files = (
			);
			runOnlyForDeploymentPostprocessing = 0;
		};
		8D15AC2B0486D014006FF6A4 /* Resources */ = {
			isa = PBXResourcesBuildPhase;
			buildActionMask = 2147483647;
			files = (
				8D15AC2C0486D014006FF6A4 /* Credits.rtf in Resources */,
				8D15AC2D0486D014006FF6A4 /* MainMenu.nib in Resources */,
				8D15AC2F0486D014006FF6A4 /* InfoPlist.strings in Resources */,
				4DA8A1110E1AC314008969ED /* ILDocument.xib in Resources */,
				4D6BF13F0E432DDA005653D8 /* AlignmentView.xib in Resources */,
				4D6BF1400E432DDA005653D8 /* SequencesView.xib in Resources */,
			);
			runOnlyForDeploymentPostprocessing = 0;
		};
/* End PBXResourcesBuildPhase section */

/* Begin PBXSourcesBuildPhase section */
		514E9DF6081EBF9C009B8CD9 /* Sources */ = {
			isa = PBXSourcesBuildPhase;
			buildActionMask = 2147483647;
			files = (
				514E9E12081EC6B8009B8CD9 /* GetMetadataForFile.c in Sources */,
				514E9E13081EC6B8009B8CD9 /* main.c in Sources */,
			);
			runOnlyForDeploymentPostprocessing = 0;
		};
		8D15AC300486D014006FF6A4 /* Sources */ = {
			isa = PBXSourcesBuildPhase;
			buildActionMask = 2147483647;
			files = (
				8D15AC320486D014006FF6A4 /* main.m in Sources */,
				775BDEF1067A8BF0009058FE /* ILDocument.xcdatamodel in Sources */,
				4DD08AE20E23B1C200F68575 /* BaseNode.m in Sources */,
				4DD08AE30E23B1C200F68575 /* ChildEditController.m in Sources */,
				4DD08AE40E23B1C200F68575 /* ChildNode.m in Sources */,
				4DD08AE50E23B1C200F68575 /* ImageAndTextCell.m in Sources */,
				4DD08AE60E23B1C200F68575 /* NSArray_Extensions.m in Sources */,
				4DD08AE70E23B1C200F68575 /* SeparatorCell.m in Sources */,
				4D6BF0E20E4325AF005653D8 /* Album.m in Sources */,
				4D6BF0E30E4325AF005653D8 /* Alignment.m in Sources */,
				4D6BF0E40E4325AF005653D8 /* AlignmentView.m in Sources */,
				4D6BF0E60E4325AF005653D8 /* AlignmentViewController.m in Sources */,
				4D6BF0E70E4325AF005653D8 /* ILDocument.m in Sources */,
				4D6BF0E90E4325AF005653D8 /* ILWindowController.m in Sources */,
				4D6BF0EA0E4325AF005653D8 /* Indel.m in Sources */,
				4D6BF0EB0E4325AF005653D8 /* IndelList.m in Sources */,
				4D6BF0EC0E4325AF005653D8 /* ManagingViewController.m in Sources */,
				4D6BF0ED0E4325AF005653D8 /* RulerView.m in Sources */,
				4D6BF0EE0E4325AF005653D8 /* Sequence.m in Sources */,
				4D6BF0EF0E4325AF005653D8 /* SequencesArrayController.m in Sources */,
				4D6BF0F10E4325AF005653D8 /* SequencesViewController.m in Sources */,
			);
			runOnlyForDeploymentPostprocessing = 0;
		};
/* End PBXSourcesBuildPhase section */

/* Begin PBXTargetDependency section */
		514EA067081EC8BF009B8CD9 /* PBXTargetDependency */ = {
			isa = PBXTargetDependency;
			target = 514E9DF8081EBF9C009B8CD9 /* iLigner Spotlight Importer */;
			targetProxy = 514EA066081EC8BF009B8CD9 /* PBXContainerItemProxy */;
		};
/* End PBXTargetDependency section */

/* Begin PBXVariantGroup section */
		089C165FFE840EACC02AAC07 /* InfoPlist.strings */ = {
			isa = PBXVariantGroup;
			children = (
				089C1660FE840EACC02AAC07 /* English */,
			);
			name = InfoPlist.strings;
			sourceTree = "<group>";
		};
		2A37F4B6FDCFA73011CA2CEA /* MainMenu.nib */ = {
			isa = PBXVariantGroup;
			children = (
				2A37F4B7FDCFA73011CA2CEA /* English */,
			);
			name = MainMenu.nib;
			sourceTree = "<group>";
		};
		2A37F4B9FDCFA73011CA2CEA /* Credits.rtf */ = {
			isa = PBXVariantGroup;
			children = (
				2A37F4BAFDCFA73011CA2CEA /* English */,
			);
			name = Credits.rtf;
			sourceTree = "<group>";
		};
		4D6BF13B0E432DDA005653D8 /* AlignmentView.xib */ = {
			isa = PBXVariantGroup;
			children = (
				4D6BF13C0E432DDA005653D8 /* English */,
			);
			name = AlignmentView.xib;
			sourceTree = "<group>";
		};
		4D6BF13D0E432DDA005653D8 /* SequencesView.xib */ = {
			isa = PBXVariantGroup;
			children = (
				4D6BF13E0E432DDA005653D8 /* English */,
			);
			name = SequencesView.xib;
			sourceTree = "<group>";
		};
		4DA8A10F0E1AC314008969ED /* ILDocument.xib */ = {
			isa = PBXVariantGroup;
			children = (
				4DA8A1100E1AC314008969ED /* English */,
			);
			name = ILDocument.xib;
			sourceTree = "<group>";
		};
/* End PBXVariantGroup section */

/* Begin XCBuildConfiguration section */
		26FC0AC70875C91100E6366F /* Debug */ = {
			isa = XCBuildConfiguration;
			buildSettings = {
				COPY_PHASE_STRIP = NO;
				GCC_DYNAMIC_NO_PIC = NO;
				GCC_ENABLE_FIX_AND_CONTINUE = YES;
				GCC_MODEL_TUNING = G5;
				GCC_OPTIMIZATION_LEVEL = 0;
				GCC_PRECOMPILE_PREFIX_HEADER = NO;
				INFOPLIST_FILE = "Importer/Importer-Info.plist";
				INSTALL_PATH = "@executable_path/../Contents/Library/Spotlight";
				LIBRARY_STYLE = BUNDLE;
				PRODUCT_NAME = iLigner;
				SKIP_INSTALL = YES;
				WRAPPER_EXTENSION = mdimporter;
				ZERO_LINK = YES;
			};
			name = Debug;
		};
		26FC0AC80875C91100E6366F /* Release */ = {
			isa = XCBuildConfiguration;
			buildSettings = {
				DEBUG_INFORMATION_FORMAT = "dwarf-with-dsym";
				GCC_MODEL_TUNING = G5;
				GCC_PRECOMPILE_PREFIX_HEADER = NO;
				INFOPLIST_FILE = "Importer/Importer-Info.plist";
				INSTALL_PATH = "@executable_path/../Contents/Library/Spotlight";
				LIBRARY_STYLE = BUNDLE;
				PRODUCT_NAME = iLigner;
				SKIP_INSTALL = YES;
				WRAPPER_EXTENSION = mdimporter;
			};
			name = Release;
		};
		26FC0ACB0875C91100E6366F /* Debug */ = {
			isa = XCBuildConfiguration;
			buildSettings = {
				COPY_PHASE_STRIP = NO;
				GCC_DYNAMIC_NO_PIC = NO;
				GCC_ENABLE_FIX_AND_CONTINUE = YES;
				GCC_ENABLE_OBJC_EXCEPTIONS = YES;
				GCC_MODEL_TUNING = G5;
				GCC_OPTIMIZATION_LEVEL = 0;
				GCC_PRECOMPILE_PREFIX_HEADER = YES;
				GCC_PREFIX_HEADER = iLigner_Prefix.pch;
				INFOPLIST_FILE = Info.plist;
				INSTALL_PATH = "$(HOME)/Applications";
				PRODUCT_NAME = iLigner;
				WRAPPER_EXTENSION = app;
				ZERO_LINK = YES;
			};
			name = Debug;
		};
		26FC0ACC0875C91100E6366F /* Release */ = {
			isa = XCBuildConfiguration;
			buildSettings = {
				DEBUG_INFORMATION_FORMAT = "dwarf-with-dsym";
				GCC_ENABLE_OBJC_EXCEPTIONS = YES;
				GCC_MODEL_TUNING = G5;
				GCC_PRECOMPILE_PREFIX_HEADER = YES;
				GCC_PREFIX_HEADER = iLigner_Prefix.pch;
				INFOPLIST_FILE = Info.plist;
				INSTALL_PATH = "$(HOME)/Applications";
				PRODUCT_NAME = iLigner;
				WRAPPER_EXTENSION = app;
			};
			name = Release;
		};
		26FC0ACF0875C91100E6366F /* Debug */ = {
			isa = XCBuildConfiguration;
			buildSettings = {
				GCC_C_LANGUAGE_STANDARD = c99;
				GCC_ENABLE_OBJC_GC = supported;
				GCC_WARN_ABOUT_RETURN_TYPE = YES;
				GCC_WARN_UNUSED_VARIABLE = YES;
				PREBINDING = NO;
				SDKROOT = "$(DEVELOPER_SDK_DIR)/MacOSX10.5.sdk";
			};
			name = Debug;
		};
		26FC0AD00875C91100E6366F /* Release */ = {
			isa = XCBuildConfiguration;
			buildSettings = {
				ARCHS = (
					ppc,
					i386,
				);
				GCC_C_LANGUAGE_STANDARD = c99;
				GCC_ENABLE_OBJC_GC = supported;
				GCC_WARN_ABOUT_RETURN_TYPE = YES;
				GCC_WARN_UNUSED_VARIABLE = YES;
				PREBINDING = NO;
				SDKROOT = "$(DEVELOPER_SDK_DIR)/MacOSX10.5.sdk";
			};
			name = Release;
		};
/* End XCBuildConfiguration section */

/* Begin XCConfigurationList section */
		26FC0AC60875C91100E6366F /* Build configuration list for PBXNativeTarget "iLigner Spotlight Importer" */ = {
			isa = XCConfigurationList;
			buildConfigurations = (
				26FC0AC70875C91100E6366F /* Debug */,
				26FC0AC80875C91100E6366F /* Release */,
			);
			defaultConfigurationIsVisible = 0;
			defaultConfigurationName = Release;
		};
		26FC0ACA0875C91100E6366F /* Build configuration list for PBXNativeTarget "iLigner" */ = {
			isa = XCConfigurationList;
			buildConfigurations = (
				26FC0ACB0875C91100E6366F /* Debug */,
				26FC0ACC0875C91100E6366F /* Release */,
			);
			defaultConfigurationIsVisible = 0;
			defaultConfigurationName = Release;
		};
		26FC0ACE0875C91100E6366F /* Build configuration list for PBXProject "iLigner" */ = {
			isa = XCConfigurationList;
			buildConfigurations = (
				26FC0ACF0875C91100E6366F /* Debug */,
				26FC0AD00875C91100E6366F /* Release */,
			);
			defaultConfigurationIsVisible = 0;
			defaultConfigurationName = Release;
		};
/* End XCConfigurationList section */
	};
	rootObject = 2A37F4A9FDCFA73011CA2CEA /* Project object */;
}
